
Microsoft Visual Studio Solution File, Format Version 12.00
# Visual Studio Version 16
VisualStudioVersion = 16.0.31205.134
MinimumVisualStudioVersion = 10.0.40219.1
Project("{FAE04EC0-301F-11D3-BF4B-00C04F79EFBC}") = "Prova7Maggio_Giada", "Prova7Maggio_Giada\Prova7Maggio_Giada.csproj", "{61A4AB2F-11AD-48BD-BF25-71E4D814A895}"
EndProject
Global
	GlobalSection(SolutionConfigurationPlatforms) = preSolution
		Debug|Any CPU = Debug|Any CPU
		Release|Any CPU = Release|Any CPU
	EndGlobalSection
	GlobalSection(ProjectConfigurationPlatforms) = postSolution
		{61A4AB2F-11AD-48BD-BF25-71E4D814A895}.Debug|Any CPU.ActiveCfg = Debug|Any CPU
		{61A4AB2F-11AD-48BD-BF25-71E4D814A895}.Debug|Any CPU.Build.0 = Debug|Any CPU
		{61A4AB2F-11AD-48BD-BF25-71E4D814A895}.Release|Any CPU.ActiveCfg = Release|Any CPU
		{61A4AB2F-11AD-48BD-BF25-71E4D814A895}.Release|Any CPU.Build.0 = Release|Any CPU
	EndGlobalSection
	GlobalSection(SolutionProperties) = preSolution
		HideSolutionNode = FALSE
	EndGlobalSection
	GlobalSection(ExtensibilityGlobals) = postSolution
		SolutionGuid = {00FAF93B-2861-45C0-8D90-96B7EAC9D967}
	EndGlobalSection
EndGlobal
